
Microsoft Visual Studio Solution File, Format Version 12.00
# Visual Studio Version 17
VisualStudioVersion = 17.9.34701.34
MinimumVisualStudioVersion = 10.0.40219.1
Project("{FAE04EC0-301F-11D3-BF4B-00C04F79EFBC}") = "Atividade5-POO", "Atividade5-POO\Atividade5-POO.csproj", "{990663A6-F28C-41D3-9B1E-8D8A0026583C}"
EndProject
Global
	GlobalSection(SolutionConfigurationPlatforms) = preSolution
		Debug|Any CPU = Debug|Any CPU
		Release|Any CPU = Release|Any CPU
	EndGlobalSection
	GlobalSection(ProjectConfigurationPlatforms) = postSolution
		{990663A6-F28C-41D3-9B1E-8D8A0026583C}.Debug|Any CPU.ActiveCfg = Debug|Any CPU
		{990663A6-F28C-41D3-9B1E-8D8A0026583C}.Debug|Any CPU.Build.0 = Debug|Any CPU
		{990663A6-F28C-41D3-9B1E-8D8A0026583C}.Release|Any CPU.ActiveCfg = Release|Any CPU
		{990663A6-F28C-41D3-9B1E-8D8A0026583C}.Release|Any CPU.Build.0 = Release|Any CPU
	EndGlobalSection
	GlobalSection(SolutionProperties) = preSolution
		HideSolutionNode = FALSE
	EndGlobalSection
	GlobalSection(ExtensibilityGlobals) = postSolution
		SolutionGuid = {7DCA2D34-7C67-4DC8-8B2A-E2568C92D788}
	EndGlobalSection
EndGlobal
